<<<<<<< HEAD:ConsoleApp1/ConsoleApp1.sln
﻿
Microsoft Visual Studio Solution File, Format Version 12.00
# Visual Studio Version 16
VisualStudioVersion = 16.0.31402.337
MinimumVisualStudioVersion = 10.0.40219.1
Project("{FAE04EC0-301F-11D3-BF4B-00C04F79EFBC}") = "FinalChallenge", "ConsoleApp1\FinalChallenge.csproj", "{E4AED89A-DBC4-427F-830D-5902070CFFE5}"
EndProject
Global
	GlobalSection(SolutionConfigurationPlatforms) = preSolution
		Debug|Any CPU = Debug|Any CPU
		Release|Any CPU = Release|Any CPU
	EndGlobalSection
	GlobalSection(ProjectConfigurationPlatforms) = postSolution
		{E4AED89A-DBC4-427F-830D-5902070CFFE5}.Debug|Any CPU.ActiveCfg = Debug|Any CPU
		{E4AED89A-DBC4-427F-830D-5902070CFFE5}.Debug|Any CPU.Build.0 = Debug|Any CPU
		{E4AED89A-DBC4-427F-830D-5902070CFFE5}.Release|Any CPU.ActiveCfg = Release|Any CPU
		{E4AED89A-DBC4-427F-830D-5902070CFFE5}.Release|Any CPU.Build.0 = Release|Any CPU
	EndGlobalSection
	GlobalSection(SolutionProperties) = preSolution
		HideSolutionNode = FALSE
	EndGlobalSection
	GlobalSection(ExtensibilityGlobals) = postSolution
		SolutionGuid = {DA0B4127-9D41-4AA0-9B70-607468000AC0}
	EndGlobalSection
EndGlobal
=======
﻿
Microsoft Visual Studio Solution File, Format Version 12.00
# Visual Studio Version 16
VisualStudioVersion = 16.0.31402.337
MinimumVisualStudioVersion = 10.0.40219.1
Project("{FAE04EC0-301F-11D3-BF4B-00C04F79EFBC}") = "CarInsurance", "CarInsurance\CarInsurance.csproj", "{F6CA8274-1F79-463D-B1A9-825A59995E1E}"
EndProject
Global
	GlobalSection(SolutionConfigurationPlatforms) = preSolution
		Debug|Any CPU = Debug|Any CPU
		Release|Any CPU = Release|Any CPU
	EndGlobalSection
	GlobalSection(ProjectConfigurationPlatforms) = postSolution
		{F6CA8274-1F79-463D-B1A9-825A59995E1E}.Debug|Any CPU.ActiveCfg = Debug|Any CPU
		{F6CA8274-1F79-463D-B1A9-825A59995E1E}.Debug|Any CPU.Build.0 = Debug|Any CPU
		{F6CA8274-1F79-463D-B1A9-825A59995E1E}.Release|Any CPU.ActiveCfg = Release|Any CPU
		{F6CA8274-1F79-463D-B1A9-825A59995E1E}.Release|Any CPU.Build.0 = Release|Any CPU
	EndGlobalSection
	GlobalSection(SolutionProperties) = preSolution
		HideSolutionNode = FALSE
	EndGlobalSection
	GlobalSection(ExtensibilityGlobals) = postSolution
		SolutionGuid = {C470B29A-C66B-4D17-B41F-92D628C7CD03}
	EndGlobalSection
EndGlobal
>>>>>>> 683a8ca284799fae71c073eae37b0b231040bc57:CarInsurance.sln
